
Microsoft Visual Studio Solution File, Format Version 12.00
# Visual Studio Version 16
VisualStudioVersion = 16.0.28803.352
MinimumVisualStudioVersion = 10.0.40219.1
Project("{2150E333-8FDC-42A3-9474-1A3956D46DE8}") = "Core", "Core", "{5279DA73-9EA3-4495-A662-66B7005CB506}"
EndProject
Project("{2150E333-8FDC-42A3-9474-1A3956D46DE8}") = "Infrastructure", "Infrastructure", "{310CA2B4-AAD1-4CEE-A5B4-A81BC997ADFD}"
EndProject
Project("{2150E333-8FDC-42A3-9474-1A3956D46DE8}") = "UI", "UI", "{6CECC80A-47D4-419F-9167-E7E09464F8CE}"
EndProject
Project("{2150E333-8FDC-42A3-9474-1A3956D46DE8}") = "Services", "Services", "{FD628DDA-9D32-4BF4-B441-8AFE98347D41}"
EndProject
Project("{9A19103F-16F7-4668-BE54-9A1E7A4F7556}") = "Core.Domain", "Core.Entities\Core.Domain.csproj", "{3579B4A3-6FF9-4981-A0D5-76BB4BAC5870}"
EndProject
Project("{9A19103F-16F7-4668-BE54-9A1E7A4F7556}") = "Infrastructure.Caching", "Infrastructure.Caching\Infrastructure.Caching.csproj", "{9CE0730B-6B2A-414A-9935-71CCC7016CED}"
EndProject
Project("{9A19103F-16F7-4668-BE54-9A1E7A4F7556}") = "Infrastructure.Logging", "Infrastructure.Logging\Infrastructure.Logging.csproj", "{5E266B37-885C-4317-B875-1A47C6EEC70B}"
EndProject
Project("{9A19103F-16F7-4668-BE54-9A1E7A4F7556}") = "Infrastructure.Data", "Infrastructure.Data\Infrastructure.Data.csproj", "{7B6E13E8-DDA2-4B5C-A82F-BDA0BC0856B2}"
EndProject
Project("{9A19103F-16F7-4668-BE54-9A1E7A4F7556}") = "Services.Application", "Services.Application\Services.Application.csproj", "{E1606BAC-E701-4BA1-AC85-2E3D9497569D}"
EndProject
Project("{9A19103F-16F7-4668-BE54-9A1E7A4F7556}") = "WebApi", "WebApi\WebApi.csproj", "{D58463F7-079D-4241-97C3-39C12EAF94E3}"
EndProject
Project("{9A19103F-16F7-4668-BE54-9A1E7A4F7556}") = "WebPages", "WebPages\WebPages.csproj", "{06020697-BC39-4C97-8B84-B966BF0929BF}"
EndProject
Project("{9A19103F-16F7-4668-BE54-9A1E7A4F7556}") = "Infrastructure.Ioc", "Infrastructure.Ioc\Infrastructure.Ioc.csproj", "{0BDB9D68-D620-4A78-A72B-E0C067ACA036}"
EndProject
Project("{9A19103F-16F7-4668-BE54-9A1E7A4F7556}") = "Web.Framework", "Web.Framework\Web.Framework.csproj", "{A6339E00-A2E3-4FAA-BD74-376B8F0EB653}"
EndProject
Project("{2150E333-8FDC-42A3-9474-1A3956D46DE8}") = "Framework", "Framework", "{2B8277DA-2B3C-4034-8083-85BC1887D675}"
EndProject
Project("{FAE04EC0-301F-11D3-BF4B-00C04F79EFBC}") = "Framework.Config", "Framework.Config\Framework.Config.csproj", "{6CDF0F6F-21C7-4743-AEDB-A33D49F156D7}"
EndProject
Global
	GlobalSection(SolutionConfigurationPlatforms) = preSolution
		Debug|Any CPU = Debug|Any CPU
		Release|Any CPU = Release|Any CPU
	EndGlobalSection
	GlobalSection(ProjectConfigurationPlatforms) = postSolution
		{3579B4A3-6FF9-4981-A0D5-76BB4BAC5870}.Debug|Any CPU.ActiveCfg = Debug|Any CPU
		{3579B4A3-6FF9-4981-A0D5-76BB4BAC5870}.Debug|Any CPU.Build.0 = Debug|Any CPU
		{3579B4A3-6FF9-4981-A0D5-76BB4BAC5870}.Release|Any CPU.ActiveCfg = Release|Any CPU
		{3579B4A3-6FF9-4981-A0D5-76BB4BAC5870}.Release|Any CPU.Build.0 = Release|Any CPU
		{9CE0730B-6B2A-414A-9935-71CCC7016CED}.Debug|Any CPU.ActiveCfg = Debug|Any CPU
		{9CE0730B-6B2A-414A-9935-71CCC7016CED}.Debug|Any CPU.Build.0 = Debug|Any CPU
		{9CE0730B-6B2A-414A-9935-71CCC7016CED}.Release|Any CPU.ActiveCfg = Release|Any CPU
		{9CE0730B-6B2A-414A-9935-71CCC7016CED}.Release|Any CPU.Build.0 = Release|Any CPU
		{5E266B37-885C-4317-B875-1A47C6EEC70B}.Debug|Any CPU.ActiveCfg = Debug|Any CPU
		{5E266B37-885C-4317-B875-1A47C6EEC70B}.Debug|Any CPU.Build.0 = Debug|Any CPU
		{5E266B37-885C-4317-B875-1A47C6EEC70B}.Release|Any CPU.ActiveCfg = Release|Any CPU
		{5E266B37-885C-4317-B875-1A47C6EEC70B}.Release|Any CPU.Build.0 = Release|Any CPU
		{7B6E13E8-DDA2-4B5C-A82F-BDA0BC0856B2}.Debug|Any CPU.ActiveCfg = Debug|Any CPU
		{7B6E13E8-DDA2-4B5C-A82F-BDA0BC0856B2}.Debug|Any CPU.Build.0 = Debug|Any CPU
		{7B6E13E8-DDA2-4B5C-A82F-BDA0BC0856B2}.Release|Any CPU.ActiveCfg = Release|Any CPU
		{7B6E13E8-DDA2-4B5C-A82F-BDA0BC0856B2}.Release|Any CPU.Build.0 = Release|Any CPU
		{E1606BAC-E701-4BA1-AC85-2E3D9497569D}.Debug|Any CPU.ActiveCfg = Debug|Any CPU
		{E1606BAC-E701-4BA1-AC85-2E3D9497569D}.Debug|Any CPU.Build.0 = Debug|Any CPU
		{E1606BAC-E701-4BA1-AC85-2E3D9497569D}.Release|Any CPU.ActiveCfg = Release|Any CPU
		{E1606BAC-E701-4BA1-AC85-2E3D9497569D}.Release|Any CPU.Build.0 = Release|Any CPU
		{D58463F7-079D-4241-97C3-39C12EAF94E3}.Debug|Any CPU.ActiveCfg = Debug|Any CPU
		{D58463F7-079D-4241-97C3-39C12EAF94E3}.Debug|Any CPU.Build.0 = Debug|Any CPU
		{D58463F7-079D-4241-97C3-39C12EAF94E3}.Release|Any CPU.ActiveCfg = Release|Any CPU
		{D58463F7-079D-4241-97C3-39C12EAF94E3}.Release|Any CPU.Build.0 = Release|Any CPU
		{06020697-BC39-4C97-8B84-B966BF0929BF}.Debug|Any CPU.ActiveCfg = Debug|Any CPU
		{06020697-BC39-4C97-8B84-B966BF0929BF}.Debug|Any CPU.Build.0 = Debug|Any CPU
		{06020697-BC39-4C97-8B84-B966BF0929BF}.Release|Any CPU.ActiveCfg = Release|Any CPU
		{06020697-BC39-4C97-8B84-B966BF0929BF}.Release|Any CPU.Build.0 = Release|Any CPU
		{0BDB9D68-D620-4A78-A72B-E0C067ACA036}.Debug|Any CPU.ActiveCfg = Debug|Any CPU
		{0BDB9D68-D620-4A78-A72B-E0C067ACA036}.Debug|Any CPU.Build.0 = Debug|Any CPU
		{0BDB9D68-D620-4A78-A72B-E0C067ACA036}.Release|Any CPU.ActiveCfg = Release|Any CPU
		{0BDB9D68-D620-4A78-A72B-E0C067ACA036}.Release|Any CPU.Build.0 = Release|Any CPU
		{A6339E00-A2E3-4FAA-BD74-376B8F0EB653}.Debug|Any CPU.ActiveCfg = Debug|Any CPU
		{A6339E00-A2E3-4FAA-BD74-376B8F0EB653}.Debug|Any CPU.Build.0 = Debug|Any CPU
		{A6339E00-A2E3-4FAA-BD74-376B8F0EB653}.Release|Any CPU.ActiveCfg = Release|Any CPU
		{A6339E00-A2E3-4FAA-BD74-376B8F0EB653}.Release|Any CPU.Build.0 = Release|Any CPU
		{6CDF0F6F-21C7-4743-AEDB-A33D49F156D7}.Debug|Any CPU.ActiveCfg = Debug|Any CPU
		{6CDF0F6F-21C7-4743-AEDB-A33D49F156D7}.Debug|Any CPU.Build.0 = Debug|Any CPU
		{6CDF0F6F-21C7-4743-AEDB-A33D49F156D7}.Release|Any CPU.ActiveCfg = Release|Any CPU
		{6CDF0F6F-21C7-4743-AEDB-A33D49F156D7}.Release|Any CPU.Build.0 = Release|Any CPU
	EndGlobalSection
	GlobalSection(SolutionProperties) = preSolution
		HideSolutionNode = FALSE
	EndGlobalSection
	GlobalSection(NestedProjects) = preSolution
		{3579B4A3-6FF9-4981-A0D5-76BB4BAC5870} = {5279DA73-9EA3-4495-A662-66B7005CB506}
		{9CE0730B-6B2A-414A-9935-71CCC7016CED} = {310CA2B4-AAD1-4CEE-A5B4-A81BC997ADFD}
		{5E266B37-885C-4317-B875-1A47C6EEC70B} = {310CA2B4-AAD1-4CEE-A5B4-A81BC997ADFD}
		{7B6E13E8-DDA2-4B5C-A82F-BDA0BC0856B2} = {310CA2B4-AAD1-4CEE-A5B4-A81BC997ADFD}
		{E1606BAC-E701-4BA1-AC85-2E3D9497569D} = {FD628DDA-9D32-4BF4-B441-8AFE98347D41}
		{D58463F7-079D-4241-97C3-39C12EAF94E3} = {6CECC80A-47D4-419F-9167-E7E09464F8CE}
		{06020697-BC39-4C97-8B84-B966BF0929BF} = {6CECC80A-47D4-419F-9167-E7E09464F8CE}
		{0BDB9D68-D620-4A78-A72B-E0C067ACA036} = {310CA2B4-AAD1-4CEE-A5B4-A81BC997ADFD}
		{A6339E00-A2E3-4FAA-BD74-376B8F0EB653} = {6CECC80A-47D4-419F-9167-E7E09464F8CE}
		{6CDF0F6F-21C7-4743-AEDB-A33D49F156D7} = {2B8277DA-2B3C-4034-8083-85BC1887D675}
	EndGlobalSection
	GlobalSection(ExtensibilityGlobals) = postSolution
		SolutionGuid = {9BF2C0C3-EF05-44EE-8C8B-7326B32DC80A}
	EndGlobalSection
EndGlobal
